{
  "nodes": {
    "nixpkgs": {
      "locked": {
        "lastModified": 1745526057,
        "narHash": "sha256-ITSpPDwvLBZBnPRS2bUcHY3gZSwis/uTe255QgMtTLA=",
        "owner": "NixOS",
        "repo": "nixpkgs",
        "rev": "f771eb401a46846c1aebd20552521b233dd7e18b",
        "type": "github"
      },
      "original": {
        "owner": "NixOS",
        "ref": "nixos-unstable",
        "repo": "nixpkgs",
        "type": "github"
      }
    },
    "quartz": {
      "inputs": {
        "nixpkgs": "nixpkgs"
      },
      "locked": {
        "lastModified": 1745756152,
        "narHash": "sha256-VBerxEGnokW3IvqYSMSzq+nDxJH9t5trEnumqHTLEcc=",
        "owner": "vimpostor",
        "repo": "quartz",
        "rev": "3f752d89599d3cd54f31c2a9fb31d13269007bec",
        "type": "github"
      },
      "original": {
        "owner": "vimpostor",
        "repo": "quartz",
        "type": "github"
      }
    },
    "root": {
      "inputs": {
        "quartz": "quartz"
      }
    }
  },
  "root": "root",
  "version": 7
}
