{
  "nodes": {
    "nixpkgs": {
      "locked": {
        "lastModified": 1725634671,
        "narHash": "sha256-v3rIhsJBOMLR8e/RNWxr828tB+WywYIoajrZKFM+0Gg=",
        "owner": "NixOS",
        "repo": "nixpkgs",
        "rev": "574d1eac1c200690e27b8eb4e24887f8df7ac27c",
        "type": "github"
      },
      "original": {
        "owner": "NixOS",
        "ref": "nixos-unstable",
        "repo": "nixpkgs",
        "type": "github"
      }
    },
    "quartz": {
      "inputs": {
        "nixpkgs": "nixpkgs"
      },
      "locked": {
        "lastModified": 1725831851,
        "narHash": "sha256-ox29TA1PI844/mcs1rTNGcng+sD8m3mVlll7tJf2ono=",
        "owner": "vimpostor",
        "repo": "quartz",
        "rev": "be88e4f1853bbab80d2c1942b1381551f692527e",
        "type": "github"
      },
      "original": {
        "owner": "vimpostor",
        "repo": "quartz",
        "type": "github"
      }
    },
    "root": {
      "inputs": {
        "quartz": "quartz"
      }
    }
  },
  "root": "root",
  "version": 7
}
